
Microsoft Visual Studio Solution File, Format Version 12.00
# Visual Studio Version 17
VisualStudioVersion = 17.3.32929.385
MinimumVisualStudioVersion = 10.0.40219.1
Project("{FAE04EC0-301F-11D3-BF4B-00C04F79EFBC}") = "Buying inventory", "Buying inventory.csproj", "{C9EC2DDA-13BB-4402-80BB-685D0DC47A47}"
EndProject
Global
	GlobalSection(SolutionConfigurationPlatforms) = preSolution
		Debug|Any CPU = Debug|Any CPU
		Release|Any CPU = Release|Any CPU
	EndGlobalSection
	GlobalSection(ProjectConfigurationPlatforms) = postSolution
		{C9EC2DDA-13BB-4402-80BB-685D0DC47A47}.Debug|Any CPU.ActiveCfg = Debug|Any CPU
		{C9EC2DDA-13BB-4402-80BB-685D0DC47A47}.Debug|Any CPU.Build.0 = Debug|Any CPU
		{C9EC2DDA-13BB-4402-80BB-685D0DC47A47}.Release|Any CPU.ActiveCfg = Release|Any CPU
		{C9EC2DDA-13BB-4402-80BB-685D0DC47A47}.Release|Any CPU.Build.0 = Release|Any CPU
	EndGlobalSection
	GlobalSection(SolutionProperties) = preSolution
		HideSolutionNode = FALSE
	EndGlobalSection
	GlobalSection(ExtensibilityGlobals) = postSolution
		SolutionGuid = {CC65804E-FBCA-400A-B9BB-09977B0145CA}
	EndGlobalSection
EndGlobal
